
Microsoft Visual Studio Solution File, Format Version 11.00
# Visual Studio 2010
Project("{FAE04EC0-301F-11D3-BF4B-00C04F79EFBC}") = "skripsi - v2 - backup fungsi level beres", "Assembly-CSharp.csproj", "{B3CD647E-F539-7541-A2EB-A502E14AC9E7}"
EndProject
Global
	GlobalSection(SolutionConfigurationPlatforms) = preSolution
		Debug|Any CPU = Debug|Any CPU
		Release|Any CPU = Release|Any CPU
	EndGlobalSection
	GlobalSection(ProjectConfigurationPlatforms) = postSolution
		{B3CD647E-F539-7541-A2EB-A502E14AC9E7}.Debug|Any CPU.ActiveCfg = Debug|Any CPU
		{B3CD647E-F539-7541-A2EB-A502E14AC9E7}.Debug|Any CPU.Build.0 = Debug|Any CPU
		{B3CD647E-F539-7541-A2EB-A502E14AC9E7}.Release|Any CPU.ActiveCfg = Release|Any CPU
		{B3CD647E-F539-7541-A2EB-A502E14AC9E7}.Release|Any CPU.Build.0 = Release|Any CPU
	EndGlobalSection
	GlobalSection(SolutionProperties) = preSolution
		HideSolutionNode = FALSE
	EndGlobalSection
	GlobalSection(MonoDevelopProperties) = preSolution
		StartupItem = Assembly-CSharp.csproj
	EndGlobalSection
EndGlobal
